
Microsoft Visual Studio Solution File, Format Version 12.00
# Visual Studio Version 17
VisualStudioVersion = 17.2.32526.322
MinimumVisualStudioVersion = 10.0.40219.1
Project("{FAE04EC0-301F-11D3-BF4B-00C04F79EFBC}") = "proj web", "proj web\proj web.csproj", "{DFA8D887-4283-4787-B74B-254C5E2F5B95}"
EndProject
Global
	GlobalSection(SolutionConfigurationPlatforms) = preSolution
		Debug|Any CPU = Debug|Any CPU
		Release|Any CPU = Release|Any CPU
	EndGlobalSection
	GlobalSection(ProjectConfigurationPlatforms) = postSolution
		{DFA8D887-4283-4787-B74B-254C5E2F5B95}.Debug|Any CPU.ActiveCfg = Debug|Any CPU
		{DFA8D887-4283-4787-B74B-254C5E2F5B95}.Debug|Any CPU.Build.0 = Debug|Any CPU
		{DFA8D887-4283-4787-B74B-254C5E2F5B95}.Release|Any CPU.ActiveCfg = Release|Any CPU
		{DFA8D887-4283-4787-B74B-254C5E2F5B95}.Release|Any CPU.Build.0 = Release|Any CPU
	EndGlobalSection
	GlobalSection(SolutionProperties) = preSolution
		HideSolutionNode = FALSE
	EndGlobalSection
	GlobalSection(ExtensibilityGlobals) = postSolution
		SolutionGuid = {FD7FBEE6-6341-441B-BB21-D9314DA00EFD}
	EndGlobalSection
EndGlobal
